
Microsoft Visual Studio Solution File, Format Version 12.00
# Visual Studio Version 17
VisualStudioVersion = 17.14.36414.22 d17.14
MinimumVisualStudioVersion = 10.0.40219.1
Project("{FAE04EC0-301F-11D3-BF4B-00C04F79EFBC}") = "Ariketa10", "Ariketa10\Ariketa10.csproj", "{963FED07-2FC6-4923-BCE2-89EA6D5CDB02}"
EndProject
Global
	GlobalSection(SolutionConfigurationPlatforms) = preSolution
		Debug|Any CPU = Debug|Any CPU
		Release|Any CPU = Release|Any CPU
	EndGlobalSection
	GlobalSection(ProjectConfigurationPlatforms) = postSolution
		{963FED07-2FC6-4923-BCE2-89EA6D5CDB02}.Debug|Any CPU.ActiveCfg = Debug|Any CPU
		{963FED07-2FC6-4923-BCE2-89EA6D5CDB02}.Debug|Any CPU.Build.0 = Debug|Any CPU
		{963FED07-2FC6-4923-BCE2-89EA6D5CDB02}.Release|Any CPU.ActiveCfg = Release|Any CPU
		{963FED07-2FC6-4923-BCE2-89EA6D5CDB02}.Release|Any CPU.Build.0 = Release|Any CPU
	EndGlobalSection
	GlobalSection(SolutionProperties) = preSolution
		HideSolutionNode = FALSE
	EndGlobalSection
	GlobalSection(ExtensibilityGlobals) = postSolution
		SolutionGuid = {7109E0FF-B4E7-4140-901F-0786B55F2360}
	EndGlobalSection
EndGlobal
