
Microsoft Visual Studio Solution File, Format Version 12.00
# Visual Studio Version 17
VisualStudioVersion = 17.14.36414.22 d17.14
MinimumVisualStudioVersion = 10.0.40219.1
Project("{FAE04EC0-301F-11D3-BF4B-00C04F79EFBC}") = "Ariketa9", "Ariketa9\Ariketa9.csproj", "{1F24BBF2-47E9-48BE-A28C-B231F5562D37}"
EndProject
Global
	GlobalSection(SolutionConfigurationPlatforms) = preSolution
		Debug|Any CPU = Debug|Any CPU
		Release|Any CPU = Release|Any CPU
	EndGlobalSection
	GlobalSection(ProjectConfigurationPlatforms) = postSolution
		{1F24BBF2-47E9-48BE-A28C-B231F5562D37}.Debug|Any CPU.ActiveCfg = Debug|Any CPU
		{1F24BBF2-47E9-48BE-A28C-B231F5562D37}.Debug|Any CPU.Build.0 = Debug|Any CPU
		{1F24BBF2-47E9-48BE-A28C-B231F5562D37}.Release|Any CPU.ActiveCfg = Release|Any CPU
		{1F24BBF2-47E9-48BE-A28C-B231F5562D37}.Release|Any CPU.Build.0 = Release|Any CPU
	EndGlobalSection
	GlobalSection(SolutionProperties) = preSolution
		HideSolutionNode = FALSE
	EndGlobalSection
	GlobalSection(ExtensibilityGlobals) = postSolution
		SolutionGuid = {C8A240E4-CAE6-48A4-91F3-4F05C7DB585C}
	EndGlobalSection
EndGlobal
