
Microsoft Visual Studio Solution File, Format Version 12.00
# Visual Studio Version 17
VisualStudioVersion = 17.14.36414.22 d17.14
MinimumVisualStudioVersion = 10.0.40219.1
Project("{FAE04EC0-301F-11D3-BF4B-00C04F79EFBC}") = "WpfApp6", "WpfApp6\WpfApp6.csproj", "{6DB77F61-4B19-464C-8C47-43571676ADBB}"
EndProject
Global
	GlobalSection(SolutionConfigurationPlatforms) = preSolution
		Debug|Any CPU = Debug|Any CPU
		Release|Any CPU = Release|Any CPU
	EndGlobalSection
	GlobalSection(ProjectConfigurationPlatforms) = postSolution
		{6DB77F61-4B19-464C-8C47-43571676ADBB}.Debug|Any CPU.ActiveCfg = Debug|Any CPU
		{6DB77F61-4B19-464C-8C47-43571676ADBB}.Debug|Any CPU.Build.0 = Debug|Any CPU
		{6DB77F61-4B19-464C-8C47-43571676ADBB}.Release|Any CPU.ActiveCfg = Release|Any CPU
		{6DB77F61-4B19-464C-8C47-43571676ADBB}.Release|Any CPU.Build.0 = Release|Any CPU
	EndGlobalSection
	GlobalSection(SolutionProperties) = preSolution
		HideSolutionNode = FALSE
	EndGlobalSection
	GlobalSection(ExtensibilityGlobals) = postSolution
		SolutionGuid = {8BD39CB0-5A71-4547-BC31-DBEE30F4DF53}
	EndGlobalSection
EndGlobal
