
Microsoft Visual Studio Solution File, Format Version 12.00
# Visual Studio Version 17
VisualStudioVersion = 17.14.36414.22 d17.14
MinimumVisualStudioVersion = 10.0.40219.1
Project("{FAE04EC0-301F-11D3-BF4B-00C04F79EFBC}") = "WpfApp1", "WpfApp1\WpfApp1.csproj", "{567952D3-F0E0-44C6-B3DB-AAA37449B78A}"
EndProject
Global
	GlobalSection(SolutionConfigurationPlatforms) = preSolution
		Debug|Any CPU = Debug|Any CPU
		Release|Any CPU = Release|Any CPU
	EndGlobalSection
	GlobalSection(ProjectConfigurationPlatforms) = postSolution
		{567952D3-F0E0-44C6-B3DB-AAA37449B78A}.Debug|Any CPU.ActiveCfg = Debug|Any CPU
		{567952D3-F0E0-44C6-B3DB-AAA37449B78A}.Debug|Any CPU.Build.0 = Debug|Any CPU
		{567952D3-F0E0-44C6-B3DB-AAA37449B78A}.Release|Any CPU.ActiveCfg = Release|Any CPU
		{567952D3-F0E0-44C6-B3DB-AAA37449B78A}.Release|Any CPU.Build.0 = Release|Any CPU
	EndGlobalSection
	GlobalSection(SolutionProperties) = preSolution
		HideSolutionNode = FALSE
	EndGlobalSection
	GlobalSection(ExtensibilityGlobals) = postSolution
		SolutionGuid = {433A0095-D4A3-4CFD-8178-418D0CCF754E}
	EndGlobalSection
EndGlobal
